
Microsoft Visual Studio Solution File, Format Version 12.00
# Visual Studio Version 17
VisualStudioVersion = 17.10.35027.167
MinimumVisualStudioVersion = 10.0.40219.1
Project("{FAE04EC0-301F-11D3-BF4B-00C04F79EFBC}") = "API1", "API1\API1.csproj", "{13844869-D202-48B2-BECC-5A13FCB3158A}"
EndProject
Global
	GlobalSection(SolutionConfigurationPlatforms) = preSolution
		Debug|Any CPU = Debug|Any CPU
		Release|Any CPU = Release|Any CPU
	EndGlobalSection
	GlobalSection(ProjectConfigurationPlatforms) = postSolution
		{13844869-D202-48B2-BECC-5A13FCB3158A}.Debug|Any CPU.ActiveCfg = Debug|Any CPU
		{13844869-D202-48B2-BECC-5A13FCB3158A}.Debug|Any CPU.Build.0 = Debug|Any CPU
		{13844869-D202-48B2-BECC-5A13FCB3158A}.Release|Any CPU.ActiveCfg = Release|Any CPU
		{13844869-D202-48B2-BECC-5A13FCB3158A}.Release|Any CPU.Build.0 = Release|Any CPU
	EndGlobalSection
	GlobalSection(SolutionProperties) = preSolution
		HideSolutionNode = FALSE
	EndGlobalSection
	GlobalSection(ExtensibilityGlobals) = postSolution
		SolutionGuid = {9181050E-D69E-4053-A4B5-95C07D7CD84E}
	EndGlobalSection
EndGlobal
